
Microsoft Visual Studio Solution File, Format Version 12.00
# Visual Studio Version 16
VisualStudioVersion = 16.0.29920.165
MinimumVisualStudioVersion = 10.0.40219.1
Project("{FAE04EC0-301F-11D3-BF4B-00C04F79EFBC}") = "Simple Snake", "Simple Snake\Simple Snake.csproj", "{AE09EDBB-E45B-4FF3-BB52-FAC686C49957}"
EndProject
Global
	GlobalSection(SolutionConfigurationPlatforms) = preSolution
		Debug|Any CPU = Debug|Any CPU
		Release|Any CPU = Release|Any CPU
	EndGlobalSection
	GlobalSection(ProjectConfigurationPlatforms) = postSolution
		{AE09EDBB-E45B-4FF3-BB52-FAC686C49957}.Debug|Any CPU.ActiveCfg = Debug|Any CPU
		{AE09EDBB-E45B-4FF3-BB52-FAC686C49957}.Debug|Any CPU.Build.0 = Debug|Any CPU
		{AE09EDBB-E45B-4FF3-BB52-FAC686C49957}.Release|Any CPU.ActiveCfg = Release|Any CPU
		{AE09EDBB-E45B-4FF3-BB52-FAC686C49957}.Release|Any CPU.Build.0 = Release|Any CPU
	EndGlobalSection
	GlobalSection(SolutionProperties) = preSolution
		HideSolutionNode = FALSE
	EndGlobalSection
	GlobalSection(ExtensibilityGlobals) = postSolution
		SolutionGuid = {1740AC56-C702-4DA0-AC99-FDF71598DD2E}
	EndGlobalSection
EndGlobal
